dependencies:
  idf:
    source:
      type: idf
    version: 5.5.2
  sd-spi:
    component_hash: 096d473317c2982c176775af5ad99f34b23813606b8a3b2564714312c0719960
    dependencies: []
    source:
      git: https://github.com/khiyamiftikhar/sd-spi.git
      path: .
      type: git
    version: 5e96b6844a99ff8dfab03cbce372391aa253dcb3
direct_dependencies:
- sd-spi
manifest_hash: 7618abacc596c5eaea2f04df77d0acb8ee314cc995a2e665d13b4830e03ad285
target: esp32
version: 2.0.0
